
Microsoft Visual Studio Solution File, Format Version 12.00
# Visual Studio Version 17
VisualStudioVersion = 17.9.34714.143
MinimumVisualStudioVersion = 10.0.40219.1
Project("{9A19103F-16F7-4668-BE54-9A1E7A4F7556}") = "RecipeSharingSystem.API", "RecipeSharingSystem.API\RecipeSharingSystem.API.csproj", "{9F2E8B87-2662-4F7A-8BAA-8420C77CFA81}"
EndProject
Project("{9A19103F-16F7-4668-BE54-9A1E7A4F7556}") = "RecipeSharingSystem.Data", "RecipeSharingSystem.Data\RecipeSharingSystem.Data.csproj", "{A7246E53-FC02-4C74-AD2D-D0A4DE93248D}"
EndProject
Project("{FAE04EC0-301F-11D3-BF4B-00C04F79EFBC}") = "RecipeSharingSystem.Business", "RecipeSharingSystem.Business\RecipeSharingSystem.Business.csproj", "{8D696080-0165-4705-B252-7D8FBBF81F75}"
EndProject
Global
	GlobalSection(SolutionConfigurationPlatforms) = preSolution
		Debug|Any CPU = Debug|Any CPU
		Release|Any CPU = Release|Any CPU
	EndGlobalSection
	GlobalSection(ProjectConfigurationPlatforms) = postSolution
		{9F2E8B87-2662-4F7A-8BAA-8420C77CFA81}.Debug|Any CPU.ActiveCfg = Debug|Any CPU
		{9F2E8B87-2662-4F7A-8BAA-8420C77CFA81}.Debug|Any CPU.Build.0 = Debug|Any CPU
		{9F2E8B87-2662-4F7A-8BAA-8420C77CFA81}.Release|Any CPU.ActiveCfg = Release|Any CPU
		{9F2E8B87-2662-4F7A-8BAA-8420C77CFA81}.Release|Any CPU.Build.0 = Release|Any CPU
		{A7246E53-FC02-4C74-AD2D-D0A4DE93248D}.Debug|Any CPU.ActiveCfg = Debug|Any CPU
		{A7246E53-FC02-4C74-AD2D-D0A4DE93248D}.Debug|Any CPU.Build.0 = Debug|Any CPU
		{A7246E53-FC02-4C74-AD2D-D0A4DE93248D}.Release|Any CPU.ActiveCfg = Release|Any CPU
		{A7246E53-FC02-4C74-AD2D-D0A4DE93248D}.Release|Any CPU.Build.0 = Release|Any CPU
		{8D696080-0165-4705-B252-7D8FBBF81F75}.Debug|Any CPU.ActiveCfg = Debug|Any CPU
		{8D696080-0165-4705-B252-7D8FBBF81F75}.Debug|Any CPU.Build.0 = Debug|Any CPU
		{8D696080-0165-4705-B252-7D8FBBF81F75}.Release|Any CPU.ActiveCfg = Release|Any CPU
		{8D696080-0165-4705-B252-7D8FBBF81F75}.Release|Any CPU.Build.0 = Release|Any CPU
	EndGlobalSection
	GlobalSection(SolutionProperties) = preSolution
		HideSolutionNode = FALSE
	EndGlobalSection
	GlobalSection(ExtensibilityGlobals) = postSolution
		SolutionGuid = {CFFADFD1-EF95-47C2-9560-81789CB481B5}
	EndGlobalSection
EndGlobal
